
Microsoft Visual Studio Solution File, Format Version 12.00
# Visual Studio 2012
Project("{FAE04EC0-301F-11D3-BF4B-00C04F79EFBC}") = "Money", "Money\Money.csproj", "{47A26A8F-A50A-4D83-A46F-8D67B1074D2A}"
EndProject
Global
	GlobalSection(SolutionConfigurationPlatforms) = preSolution
		Debug|Any CPU = Debug|Any CPU
		Release|Any CPU = Release|Any CPU
	EndGlobalSection
	GlobalSection(ProjectConfigurationPlatforms) = postSolution
		{47A26A8F-A50A-4D83-A46F-8D67B1074D2A}.Debug|Any CPU.ActiveCfg = Debug|Any CPU
		{47A26A8F-A50A-4D83-A46F-8D67B1074D2A}.Debug|Any CPU.Build.0 = Debug|Any CPU
		{47A26A8F-A50A-4D83-A46F-8D67B1074D2A}.Release|Any CPU.ActiveCfg = Release|Any CPU
		{47A26A8F-A50A-4D83-A46F-8D67B1074D2A}.Release|Any CPU.Build.0 = Release|Any CPU
	EndGlobalSection
	GlobalSection(SolutionProperties) = preSolution
		HideSolutionNode = FALSE
	EndGlobalSection
EndGlobal
